// !$*UTF8*$!
{
	archiveVersion = 1;
	classes = {
	};
	objectVersion = 50;
	objects = {

/* Begin PBXBuildFile section */
		D38BA8DF4FFF3757227FB880 /* Pods_BarCharts.framework in Frameworks */ = {isa = PBXBuildFile; fileRef = DC54FD3DC25B9DD2493A1357 /* Pods_BarCharts.framework */; };
		EC293A0823825B980013308A /* AppDelegate.swift in Sources */ = {isa = PBXBuildFile; fileRef = EC293A0723825B980013308A /* AppDelegate.swift */; };
		EC293A0A23825B980013308A /* ViewController.swift in Sources */ = {isa = PBXBuildFile; fileRef = EC293A0923825B980013308A /* ViewController.swift */; };
		EC293A0D23825B980013308A /* Main.storyboard in Resources */ = {isa = PBXBuildFile; fileRef = EC293A0B23825B980013308A /* Main.storyboard */; };
		EC293A0F23825B9B0013308A /* Assets.xcassets in Resources */ = {isa = PBXBuildFile; fileRef = EC293A0E23825B9B0013308A /* Assets.xcassets */; };
		EC293A1223825B9B0013308A /* LaunchScreen.storyboard in Resources */ = {isa = PBXBuildFile; fileRef = EC293A1023825B9B0013308A /* LaunchScreen.storyboard */; };
/* End PBXBuildFile section */

/* Begin PBXFileReference section */
		19C920FA06118E860131C857 /* Pods-BarCharts.debug.xcconfig */ = {isa = PBXFileReference; includeInIndex = 1; lastKnownFileType = text.xcconfig; name = "Pods-BarCharts.debug.xcconfig"; path = "Target Support Files/Pods-BarCharts/Pods-BarCharts.debug.xcconfig"; sourceTree = "<group>"; };
		5B0D8E024DD155D7F1C3545B /* Pods-BarCharts.release.xcconfig */ = {isa = PBXFileReference; includeInIndex = 1; lastKnownFileType = text.xcconfig; name = "Pods-BarCharts.release.xcconfig"; path = "Target Support Files/Pods-BarCharts/Pods-BarCharts.release.xcconfig"; sourceTree = "<group>"; };
		DC54FD3DC25B9DD2493A1357 /* Pods_BarCharts.framework */ = {isa = PBXFileReference; explicitFileType = wrapper.framework; includeInIndex = 0; path = Pods_BarCharts.framework; sourceTree = BUILT_PRODUCTS_DIR; };
		EC293A0423825B980013308A /* BarCharts.app */ = {isa = PBXFileReference; explicitFileType = wrapper.application; includeInIndex = 0; path = BarCharts.app; sourceTree = BUILT_PRODUCTS_DIR; };
		EC293A0723825B980013308A /* AppDelegate.swift */ = {isa = PBXFileReference; lastKnownFileType = sourcecode.swift; path = AppDelegate.swift; sourceTree = "<group>"; };
		EC293A0923825B980013308A /* ViewController.swift */ = {isa = PBXFileReference; lastKnownFileType = sourcecode.swift; path = ViewController.swift; sourceTree = "<group>"; };
		EC293A0C23825B980013308A /* Base */ = {isa = PBXFileReference; lastKnownFileType = file.storyboard; name = Base; path = Base.lproj/Main.storyboard; sourceTree = "<group>"; };
		EC293A0E23825B9B0013308A /* Assets.xcassets */ = {isa = PBXFileReference; lastKnownFileType = folder.assetcatalog; path = Assets.xcassets; sourceTree = "<group>"; };
		EC293A1123825B9B0013308A /* Base */ = {isa = PBXFileReference; lastKnownFileType = file.storyboard; name = Base; path = Base.lproj/LaunchScreen.storyboard; sourceTree = "<group>"; };
		EC293A1323825B9B0013308A /* Info.plist */ = {isa = PBXFileReference; lastKnownFileType = text.plist.xml; path = Info.plist; sourceTree = "<group>"; };
/* End PBXFileReference section */

/* Begin PBXFrameworksBuildPhase section */
		EC293A0123825B980013308A /* Frameworks */ = {
			isa = PBXFrameworksBuildPhase;
			buildActionMask = 2147483647;
			files = (
				D38BA8DF4FFF3757227FB880 /* Pods_BarCharts.framework in Frameworks */,
			);
			runOnlyForDeploymentPostprocessing = 0;
		};
/* End PBXFrameworksBuildPhase section */

/* Begin PBXGroup section */
		45AA5A7070BEFFEDD2DF313F /* Frameworks */ = {
			isa = PBXGroup;
			children = (
				DC54FD3DC25B9DD2493A1357 /* Pods_BarCharts.framework */,
			);
			name = Frameworks;
			sourceTree = "<group>";
		};
		E890F48AD5369F43EC046788 /* Pods */ = {
			isa = PBXGroup;
			children = (
				19C920FA06118E860131C857 /* Pods-BarCharts.debug.xcconfig */,
				5B0D8E024DD155D7F1C3545B /* Pods-BarCharts.release.xcconfig */,
			);
			name = Pods;
			path = Pods;
			sourceTree = "<group>";
		};
		EC2939FB23825B980013308A = {
			isa = PBXGroup;
			children = (
				EC293A0623825B980013308A /* BarCharts */,
				EC293A0523825B980013308A /* Products */,
				E890F48AD5369F43EC046788 /* Pods */,
				45AA5A7070BEFFEDD2DF313F /* Frameworks */,
			);
			sourceTree = "<group>";
		};
		EC293A0523825B980013308A /* Products */ = {
			isa = PBXGroup;
			children = (
				EC293A0423825B980013308A /* BarCharts.app */,
			);
			name = Products;
			sourceTree = "<group>";
		};
		EC293A0623825B980013308A /* BarCharts */ = {
			isa = PBXGroup;
			children = (
				EC293A0723825B980013308A /* AppDelegate.swift */,
				EC293A0923825B980013308A /* ViewController.swift */,
				EC293A0B23825B980013308A /* Main.storyboard */,
				EC293A0E23825B9B0013308A /* Assets.xcassets */,
				EC293A1023825B9B0013308A /* LaunchScreen.storyboard */,
				EC293A1323825B9B0013308A /* Info.plist */,
			);
			path = BarCharts;
			sourceTree = "<group>";
		};
/* End PBXGroup section */

/* Begin PBXNativeTarget section */
		EC293A0323825B980013308A /* BarCharts */ = {
			isa = PBXNativeTarget;
			buildConfigurationList = EC293A1623825B9B0013308A /* Build configuration list for PBXNativeTarget "BarCharts" */;
			buildPhases = (
				58477DA18C93245E9E5CC6B1 /* [CP] Check Pods Manifest.lock */,
				EC293A0023825B980013308A /* Sources */,
				EC293A0123825B980013308A /* Frameworks */,
				EC293A0223825B980013308A /* Resources */,
				2AC5601C52E364CDB5D73D0D /* [CP] Embed Pods Frameworks */,
			);
			buildRules = (
			);
			dependencies = (
			);
			name = BarCharts;
			productName = BarCharts;
			productReference = EC293A0423825B980013308A /* BarCharts.app */;
			productType = "com.apple.product-type.application";
		};
/* End PBXNativeTarget section */

/* Begin PBXProject section */
		EC2939FC23825B980013308A /* Project object */ = {
			isa = PBXProject;
			attributes = {
				LastSwiftUpdateCheck = 1020;
				LastUpgradeCheck = 1020;
				ORGANIZATIONNAME = iHubTechnologiesPvtLtd;
				TargetAttributes = {
					EC293A0323825B980013308A = {
						CreatedOnToolsVersion = 10.2;
					};
				};
			};
			buildConfigurationList = EC2939FF23825B980013308A /* Build configuration list for PBXProject "BarCharts" */;
			compatibilityVersion = "Xcode 9.3";
			developmentRegion = en;
			hasScannedForEncodings = 0;
			knownRegions = (
				en,
				Base,
			);
			mainGroup = EC2939FB23825B980013308A;
			productRefGroup = EC293A0523825B980013308A /* Products */;
			projectDirPath = "";
			projectRoot = "";
			targets = (
				EC293A0323825B980013308A /* BarCharts */,
			);
		};
/* End PBXProject section */

/* Begin PBXResourcesBuildPhase section */
		EC293A0223825B980013308A /* Resources */ = {
			isa = PBXResourcesBuildPhase;
			buildActionMask = 2147483647;
			files = (
				EC293A1223825B9B0013308A /* LaunchScreen.storyboard in Resources */,
				EC293A0F23825B9B0013308A /* Assets.xcassets in Resources */,
				EC293A0D23825B980013308A /* Main.storyboard in Resources */,
			);
			runOnlyForDeploymentPostprocessing = 0;
		};
/* End PBXResourcesBuildPhase section */

/* Begin PBXShellScriptBuildPhase section */
		2AC5601C52E364CDB5D73D0D /* [CP] Embed Pods Frameworks */ = {
			isa = PBXShellScriptBuildPhase;
			buildActionMask = 2147483647;
			files = (
			);
			inputFileListPaths = (
				"${PODS_ROOT}/Target Support Files/Pods-BarCharts/Pods-BarCharts-frameworks-${CONFIGURATION}-input-files.xcfilelist",
			);
			name = "[CP] Embed Pods Frameworks";
			outputFileListPaths = (
				"${PODS_ROOT}/Target Support Files/Pods-BarCharts/Pods-BarCharts-frameworks-${CONFIGURATION}-output-files.xcfilelist",
			);
			runOnlyForDeploymentPostprocessing = 0;
			shellPath = /bin/sh;
			shellScript = "\"${PODS_ROOT}/Target Support Files/Pods-BarCharts/Pods-BarCharts-frameworks.sh\"\n";
			showEnvVarsInLog = 0;
		};
		58477DA18C93245E9E5CC6B1 /* [CP] Check Pods Manifest.lock */ = {
			isa = PBXShellScriptBuildPhase;
			buildActionMask = 2147483647;
			files = (
			);
			inputFileListPaths = (
			);
			inputPaths = (
				"${PODS_PODFILE_DIR_PATH}/Podfile.lock",
				"${PODS_ROOT}/Manifest.lock",
			);
			name = "[CP] Check Pods Manifest.lock";
			outputFileListPaths = (
			);
			outputPaths = (
				"$(DERIVED_FILE_DIR)/Pods-BarCharts-checkManifestLockResult.txt",
			);
			runOnlyForDeploymentPostprocessing = 0;
			shellPath = /bin/sh;
			shellScript = "diff \"${PODS_PODFILE_DIR_PATH}/Podfile.lock\" \"${PODS_ROOT}/Manifest.lock\" > /dev/null\nif [ $? != 0 ] ; then\n    # print error to STDERR\n    echo \"error: The sandbox is not in sync with the Podfile.lock. Run 'pod install' or update your CocoaPods installation.\" >&2\n    exit 1\nfi\n# This output is used by Xcode 'outputs' to avoid re-running this script phase.\necho \"SUCCESS\" > \"${SCRIPT_OUTPUT_FILE_0}\"\n";
			showEnvVarsInLog = 0;
		};
/* End PBXShellScriptBuildPhase section */

/* Begin PBXSourcesBuildPhase section */
		EC293A0023825B980013308A /* Sources */ = {
			isa = PBXSourcesBuildPhase;
			buildActionMask = 2147483647;
			files = (
				EC293A0A23825B980013308A /* ViewController.swift in Sources */,
				EC293A0823825B980013308A /* AppDelegate.swift in Sources */,
			);
			runOnlyForDeploymentPostprocessing = 0;
		};
/* End PBXSourcesBuildPhase section */

/* Begin PBXVariantGroup section */
		EC293A0B23825B980013308A /* Main.storyboard */ = {
			isa = PBXVariantGroup;
			children = (
				EC293A0C23825B980013308A /* Base */,
			);
			name = Main.storyboard;
			sourceTree = "<group>";
		};
		EC293A1023825B9B0013308A /* LaunchScreen.storyboard */ = {
			isa = PBXVariantGroup;
			children = (
				EC293A1123825B9B0013308A /* Base */,
			);
			name = LaunchScreen.storyboard;
			sourceTree = "<group>";
		};
/* End PBXVariantGroup section */

/* Begin XCBuildConfiguration section */
		EC293A1423825B9B0013308A /* Debug */ = {
			isa = XCBuildConfiguration;
			buildSettings = {
				ALWAYS_SEARCH_USER_PATHS = NO;
				CLANG_ANALYZER_NONNULL = YES;
				CLANG_ANALYZER_NUMBER_OBJECT_CONVERSION = YES_AGGRESSIVE;
				CLANG_CXX_LANGUAGE_STANDARD = "gnu++14";
				CLANG_CXX_LIBRARY = "libc++";
				CLANG_ENABLE_MODULES = YES;
				CLANG_ENABLE_OBJC_ARC = YES;
				CLANG_ENABLE_OBJC_WEAK = YES;
				CLANG_WARN_BLOCK_CAPTURE_AUTORELEASING = YES;
				CLANG_WARN_BOOL_CONVERSION = YES;
				CLANG_WARN_COMMA = YES;
				CLANG_WARN_CONSTANT_CONVERSION = YES;
				CLANG_WARN_DEPRECATED_OBJC_IMPLEMENTATIONS = YES;
				CLANG_WARN_DIRECT_OBJC_ISA_USAGE = YES_ERROR;
				CLANG_WARN_DOCUMENTATION_COMMENTS = YES;
				CLANG_WARN_EMPTY_BODY = YES;
				CLANG_WARN_ENUM_CONVERSION = YES;
				CLANG_WARN_INFINITE_RECURSION = YES;
				CLANG_WARN_INT_CONVERSION = YES;
				CLANG_WARN_NON_LITERAL_NULL_CONVERSION = YES;
				CLANG_WARN_OBJC_IMPLICIT_RETAIN_SELF = YES;
				CLANG_WARN_OBJC_LITERAL_CONVERSION = YES;
				CLANG_WARN_OBJC_ROOT_CLASS = YES_ERROR;
				CLANG_WARN_RANGE_LOOP_ANALYSIS = YES;
				CLANG_WARN_STRICT_PROTOTYPES = YES;
				CLANG_WARN_SUSPICIOUS_MOVE = YES;
				CLANG_WARN_UNGUARDED_AVAILABILITY = YES_AGGRESSIVE;
				CLANG_WARN_UNREACHABLE_CODE = YES;
				CLANG_WARN__DUPLICATE_METHOD_MATCH = YES;
				CODE_SIGN_IDENTITY = "iPhone Developer";
				COPY_PHASE_STRIP = NO;
				DEBUG_INFORMATION_FORMAT = dwarf;
				ENABLE_STRICT_OBJC_MSGSEND = YES;
				ENABLE_TESTABILITY = YES;
				GCC_C_LANGUAGE_STANDARD = gnu11;
				GCC_DYNAMIC_NO_PIC = NO;
				GCC_NO_COMMON_BLOCKS = YES;
				GCC_OPTIMIZATION_LEVEL = 0;
				GCC_PREPROCESSOR_DEFINITIONS = (
					"DEBUG=1",
					"$(inherited)",
				);
				GCC_WARN_64_TO_32_BIT_CONVERSION = YES;
				GCC_WARN_ABOUT_RETURN_TYPE = YES_ERROR;
				GCC_WARN_UNDECLARED_SELECTOR = YES;
				GCC_WARN_UNINITIALIZED_AUTOS = YES_AGGRESSIVE;
				GCC_WARN_UNUSED_FUNCTION = YES;
				GCC_WARN_UNUSED_VARIABLE = YES;
				IPHONEOS_DEPLOYMENT_TARGET = 12.2;
				MTL_ENABLE_DEBUG_INFO = INCLUDE_SOURCE;
				MTL_FAST_MATH = YES;
				ONLY_ACTIVE_ARCH = YES;
				SDKROOT = iphoneos;
				SWIFT_ACTIVE_COMPILATION_CONDITIONS = DEBUG;
				SWIFT_OPTIMIZATION_LEVEL = "-Onone";
			};
			name = Debug;
		};
		EC293A1523825B9B0013308A /* Release */ = {
			isa = XCBuildConfiguration;
			buildSettings = {
				ALWAYS_SEARCH_USER_PATHS = NO;
				CLANG_ANALYZER_NONNULL = YES;
				CLANG_ANALYZER_NUMBER_OBJECT_CONVERSION = YES_AGGRESSIVE;
				CLANG_CXX_LANGUAGE_STANDARD = "gnu++14";
				CLANG_CXX_LIBRARY = "libc++";
				CLANG_ENABLE_MODULES = YES;
				CLANG_ENABLE_OBJC_ARC = YES;
				CLANG_ENABLE_OBJC_WEAK = YES;
				CLANG_WARN_BLOCK_CAPTURE_AUTORELEASING = YES;
				CLANG_WARN_BOOL_CONVERSION = YES;
				CLANG_WARN_COMMA = YES;
				CLANG_WARN_CONSTANT_CONVERSION = YES;
				CLANG_WARN_DEPRECATED_OBJC_IMPLEMENTATIONS = YES;
				CLANG_WARN_DIRECT_OBJC_ISA_USAGE = YES_ERROR;
				CLANG_WARN_DOCUMENTATION_COMMENTS = YES;
				CLANG_WARN_EMPTY_BODY = YES;
				CLANG_WARN_ENUM_CONVERSION = YES;
				CLANG_WARN_INFINITE_RECURSION = YES;
				CLANG_WARN_INT_CONVERSION = YES;
				CLANG_WARN_NON_LITERAL_NULL_CONVERSION = YES;
				CLANG_WARN_OBJC_IMPLICIT_RETAIN_SELF = YES;
				CLANG_WARN_OBJC_LITERAL_CONVERSION = YES;
				CLANG_WARN_OBJC_ROOT_CLASS = YES_ERROR;
				CLANG_WARN_RANGE_LOOP_ANALYSIS = YES;
				CLANG_WARN_STRICT_PROTOTYPES = YES;
				CLANG_WARN_SUSPICIOUS_MOVE = YES;
				CLANG_WARN_UNGUARDED_AVAILABILITY = YES_AGGRESSIVE;
				CLANG_WARN_UNREACHABLE_CODE = YES;
				CLANG_WARN__DUPLICATE_METHOD_MATCH = YES;
				CODE_SIGN_IDENTITY = "iPhone Developer";
				COPY_PHASE_STRIP = NO;
				DEBUG_INFORMATION_FORMAT = "dwarf-with-dsym";
				ENABLE_NS_ASSERTIONS = NO;
				ENABLE_STRICT_OBJC_MSGSEND = YES;
				GCC_C_LANGUAGE_STANDARD = gnu11;
				GCC_NO_COMMON_BLOCKS = YES;
				GCC_WARN_64_TO_32_BIT_CONVERSION = YES;
				GCC_WARN_ABOUT_RETURN_TYPE = YES_ERROR;
				GCC_WARN_UNDECLARED_SELECTOR = YES;
				GCC_WARN_UNINITIALIZED_AUTOS = YES_AGGRESSIVE;
				GCC_WARN_UNUSED_FUNCTION = YES;
				GCC_WARN_UNUSED_VARIABLE = YES;
				IPHONEOS_DEPLOYMENT_TARGET = 12.2;
				MTL_ENABLE_DEBUG_INFO = NO;
				MTL_FAST_MATH = YES;
				SDKROOT = iphoneos;
				SWIFT_COMPILATION_MODE = wholemodule;
				SWIFT_OPTIMIZATION_LEVEL = "-O";
				VALIDATE_PRODUCT = YES;
			};
			name = Release;
		};
		EC293A1723825B9B0013308A /* Debug */ = {
			isa = XCBuildConfiguration;
			baseConfigurationReference = 19C920FA06118E860131C857 /* Pods-BarCharts.debug.xcconfig */;
			buildSettings = {
				ASSETCATALOG_COMPILER_APPICON_NAME = AppIcon;
				CODE_SIGN_STYLE = Automatic;
				DEVELOPMENT_TEAM = "";
				INFOPLIST_FILE = BarCharts/Info.plist;
				LD_RUNPATH_SEARCH_PATHS = (
					"$(inherited)",
					"@executable_path/Frameworks",
				);
				PRODUCT_BUNDLE_IDENTIFIER = iHubTechnologiesPvtLtd.BarCharts;
				PRODUCT_NAME = "$(TARGET_NAME)";
				SWIFT_VERSION = 5.0;
				TARGETED_DEVICE_FAMILY = "1,2";
			};
			name = Debug;
		};
		EC293A1823825B9B0013308A /* Release */ = {
			isa = XCBuildConfiguration;
			baseConfigurationReference = 5B0D8E024DD155D7F1C3545B /* Pods-BarCharts.release.xcconfig */;
			buildSettings = {
				ASSETCATALOG_COMPILER_APPICON_NAME = AppIcon;
				CODE_SIGN_STYLE = Automatic;
				DEVELOPMENT_TEAM = "";
				INFOPLIST_FILE = BarCharts/Info.plist;
				LD_RUNPATH_SEARCH_PATHS = (
					"$(inherited)",
					"@executable_path/Frameworks",
				);
				PRODUCT_BUNDLE_IDENTIFIER = iHubTechnologiesPvtLtd.BarCharts;
				PRODUCT_NAME = "$(TARGET_NAME)";
				SWIFT_VERSION = 5.0;
				TARGETED_DEVICE_FAMILY = "1,2";
			};
			name = Release;
		};
/* End XCBuildConfiguration section */

/* Begin XCConfigurationList section */
		EC2939FF23825B980013308A /* Build configuration list for PBXProject "BarCharts" */ = {
			isa = XCConfigurationList;
			buildConfigurations = (
				EC293A1423825B9B0013308A /* Debug */,
				EC293A1523825B9B0013308A /* Release */,
			);
			defaultConfigurationIsVisible = 0;
			defaultConfigurationName = Release;
		};
		EC293A1623825B9B0013308A /* Build configuration list for PBXNativeTarget "BarCharts" */ = {
			isa = XCConfigurationList;
			buildConfigurations = (
				EC293A1723825B9B0013308A /* Debug */,
				EC293A1823825B9B0013308A /* Release */,
			);
			defaultConfigurationIsVisible = 0;
			defaultConfigurationName = Release;
		};
/* End XCConfigurationList section */
	};
	rootObject = EC2939FC23825B980013308A /* Project object */;
}
